
Microsoft Visual Studio Solution File, Format Version 12.00
# Visual Studio 2013
VisualStudioVersion = 12.0.30324.0
MinimumVisualStudioVersion = 10.0.40219.1
Project("{FAE04EC0-301F-11D3-BF4B-00C04F79EFBC}") = "Hanselman.Android", "Hanselman.Android\Hanselman.Android.csproj", "{6BE27B2E-552F-43B2-82D5-058D7F180CEC}"
EndProject
Project("{FAE04EC0-301F-11D3-BF4B-00C04F79EFBC}") = "Hanselman.iOS", "Hanselman.iOS\Hanselman.iOS.csproj", "{E5B4A6E4-CAAA-4E33-BC65-4D8214905BB3}"
EndProject
Project("{FAE04EC0-301F-11D3-BF4B-00C04F79EFBC}") = "Hanselman.WindowsPhone", "Hanselman.WindowsPhone\Hanselman.WindowsPhone.csproj", "{93E46D0B-295C-4F17-9E8C-D4176C5ACD2B}"
EndProject
Project("{D954291E-2A0B-460D-934E-DC6B0785DB48}") = "Hanselman.Shared", "Hanselman.Shared\Hanselman.Shared.shproj", "{E5741059-AD4D-40DB-BFF0-A3D57E50B66D}"
EndProject
Global
	GlobalSection(SharedMSBuildProjectFiles) = preSolution
		Hanselman.Shared\Hanselman.Shared.projitems*{e5741059-ad4d-40db-bff0-a3d57e50b66d}*SharedItemsImports = 13
		Hanselman.Shared\Hanselman.Shared.projitems*{6be27b2e-552f-43b2-82d5-058d7f180cec}*SharedItemsImports = 4
		Hanselman.Shared\Hanselman.Shared.projitems*{e5b4a6e4-caaa-4e33-bc65-4d8214905bb3}*SharedItemsImports = 4
		Hanselman.Shared\Hanselman.Shared.projitems*{93e46d0b-295c-4f17-9e8c-d4176c5acd2b}*SharedItemsImports = 4
	EndGlobalSection
	GlobalSection(SolutionConfigurationPlatforms) = preSolution
		Ad-Hoc|Any CPU = Ad-Hoc|Any CPU
		Ad-Hoc|ARM = Ad-Hoc|ARM
		Ad-Hoc|iPhone = Ad-Hoc|iPhone
		Ad-Hoc|iPhoneSimulator = Ad-Hoc|iPhoneSimulator
		Ad-Hoc|Mixed Platforms = Ad-Hoc|Mixed Platforms
		Ad-Hoc|x86 = Ad-Hoc|x86
		AppStore|Any CPU = AppStore|Any CPU
		AppStore|ARM = AppStore|ARM
		AppStore|iPhone = AppStore|iPhone
		AppStore|iPhoneSimulator = AppStore|iPhoneSimulator
		AppStore|Mixed Platforms = AppStore|Mixed Platforms
		AppStore|x86 = AppStore|x86
		Debug|Any CPU = Debug|Any CPU
		Debug|ARM = Debug|ARM
		Debug|iPhone = Debug|iPhone
		Debug|iPhoneSimulator = Debug|iPhoneSimulator
		Debug|Mixed Platforms = Debug|Mixed Platforms
		Debug|x86 = Debug|x86
		Release|Any CPU = Release|Any CPU
		Release|ARM = Release|ARM
		Release|iPhone = Release|iPhone
		Release|iPhoneSimulator = Release|iPhoneSimulator
		Release|Mixed Platforms = Release|Mixed Platforms
		Release|x86 = Release|x86
	EndGlobalSection
	GlobalSection(ProjectConfigurationPlatforms) = postSolution
		{6BE27B2E-552F-43B2-82D5-058D7F180CEC}.Ad-Hoc|Any CPU.ActiveCfg = Release|Any CPU
		{6BE27B2E-552F-43B2-82D5-058D7F180CEC}.Ad-Hoc|Any CPU.Build.0 = Release|Any CPU
		{6BE27B2E-552F-43B2-82D5-058D7F180CEC}.Ad-Hoc|Any CPU.Deploy.0 = Release|Any CPU
		{6BE27B2E-552F-43B2-82D5-058D7F180CEC}.Ad-Hoc|ARM.ActiveCfg = Release|Any CPU
		{6BE27B2E-552F-43B2-82D5-058D7F180CEC}.Ad-Hoc|iPhone.ActiveCfg = Debug|Any CPU
		{6BE27B2E-552F-43B2-82D5-058D7F180CEC}.Ad-Hoc|iPhone.Build.0 = Debug|Any CPU
		{6BE27B2E-552F-43B2-82D5-058D7F180CEC}.Ad-Hoc|iPhoneSimulator.ActiveCfg = Release|Any CPU
		{6BE27B2E-552F-43B2-82D5-058D7F180CEC}.Ad-Hoc|Mixed Platforms.ActiveCfg = Release|Any CPU
		{6BE27B2E-552F-43B2-82D5-058D7F180CEC}.Ad-Hoc|Mixed Platforms.Build.0 = Release|Any CPU
		{6BE27B2E-552F-43B2-82D5-058D7F180CEC}.Ad-Hoc|Mixed Platforms.Deploy.0 = Release|Any CPU
		{6BE27B2E-552F-43B2-82D5-058D7F180CEC}.Ad-Hoc|x86.ActiveCfg = Release|Any CPU
		{6BE27B2E-552F-43B2-82D5-058D7F180CEC}.AppStore|Any CPU.ActiveCfg = Release|Any CPU
		{6BE27B2E-552F-43B2-82D5-058D7F180CEC}.AppStore|Any CPU.Build.0 = Release|Any CPU
		{6BE27B2E-552F-43B2-82D5-058D7F180CEC}.AppStore|Any CPU.Deploy.0 = Release|Any CPU
		{6BE27B2E-552F-43B2-82D5-058D7F180CEC}.AppStore|ARM.ActiveCfg = Release|Any CPU
		{6BE27B2E-552F-43B2-82D5-058D7F180CEC}.AppStore|iPhone.ActiveCfg = Debug|Any CPU
		{6BE27B2E-552F-43B2-82D5-058D7F180CEC}.AppStore|iPhone.Build.0 = Debug|Any CPU
		{6BE27B2E-552F-43B2-82D5-058D7F180CEC}.AppStore|iPhoneSimulator.ActiveCfg = Release|Any CPU
		{6BE27B2E-552F-43B2-82D5-058D7F180CEC}.AppStore|Mixed Platforms.ActiveCfg = Release|Any CPU
		{6BE27B2E-552F-43B2-82D5-058D7F180CEC}.AppStore|Mixed Platforms.Build.0 = Release|Any CPU
		{6BE27B2E-552F-43B2-82D5-058D7F180CEC}.AppStore|Mixed Platforms.Deploy.0 = Release|Any CPU
		{6BE27B2E-552F-43B2-82D5-058D7F180CEC}.AppStore|x86.ActiveCfg = Release|Any CPU
		{6BE27B2E-552F-43B2-82D5-058D7F180CEC}.Debug|Any CPU.ActiveCfg = Debug|Any CPU
		{6BE27B2E-552F-43B2-82D5-058D7F180CEC}.Debug|Any CPU.Build.0 = Debug|Any CPU
		{6BE27B2E-552F-43B2-82D5-058D7F180CEC}.Debug|Any CPU.Deploy.0 = Debug|Any CPU
		{6BE27B2E-552F-43B2-82D5-058D7F180CEC}.Debug|ARM.ActiveCfg = Debug|Any CPU
		{6BE27B2E-552F-43B2-82D5-058D7F180CEC}.Debug|iPhone.ActiveCfg = Debug|Any CPU
		{6BE27B2E-552F-43B2-82D5-058D7F180CEC}.Debug|iPhone.Build.0 = Debug|Any CPU
		{6BE27B2E-552F-43B2-82D5-058D7F180CEC}.Debug|iPhoneSimulator.ActiveCfg = Debug|Any CPU
		{6BE27B2E-552F-43B2-82D5-058D7F180CEC}.Debug|iPhoneSimulator.Build.0 = Debug|Any CPU
		{6BE27B2E-552F-43B2-82D5-058D7F180CEC}.Debug|Mixed Platforms.ActiveCfg = Debug|Any CPU
		{6BE27B2E-552F-43B2-82D5-058D7F180CEC}.Debug|Mixed Platforms.Build.0 = Debug|Any CPU
		{6BE27B2E-552F-43B2-82D5-058D7F180CEC}.Debug|Mixed Platforms.Deploy.0 = Debug|Any CPU
		{6BE27B2E-552F-43B2-82D5-058D7F180CEC}.Debug|x86.ActiveCfg = Debug|Any CPU
		{6BE27B2E-552F-43B2-82D5-058D7F180CEC}.Release|Any CPU.ActiveCfg = Release|Any CPU
		{6BE27B2E-552F-43B2-82D5-058D7F180CEC}.Release|Any CPU.Build.0 = Release|Any CPU
		{6BE27B2E-552F-43B2-82D5-058D7F180CEC}.Release|ARM.ActiveCfg = Release|Any CPU
		{6BE27B2E-552F-43B2-82D5-058D7F180CEC}.Release|iPhone.ActiveCfg = Release|Any CPU
		{6BE27B2E-552F-43B2-82D5-058D7F180CEC}.Release|iPhone.Build.0 = Release|Any CPU
		{6BE27B2E-552F-43B2-82D5-058D7F180CEC}.Release|iPhoneSimulator.ActiveCfg = Release|Any CPU
		{6BE27B2E-552F-43B2-82D5-058D7F180CEC}.Release|iPhoneSimulator.Build.0 = Release|Any CPU
		{6BE27B2E-552F-43B2-82D5-058D7F180CEC}.Release|Mixed Platforms.ActiveCfg = Release|Any CPU
		{6BE27B2E-552F-43B2-82D5-058D7F180CEC}.Release|Mixed Platforms.Build.0 = Release|Any CPU
		{6BE27B2E-552F-43B2-82D5-058D7F180CEC}.Release|Mixed Platforms.Deploy.0 = Release|Any CPU
		{6BE27B2E-552F-43B2-82D5-058D7F180CEC}.Release|x86.ActiveCfg = Release|Any CPU
		{E5B4A6E4-CAAA-4E33-BC65-4D8214905BB3}.Ad-Hoc|Any CPU.ActiveCfg = Ad-Hoc|iPhoneSimulator
		{E5B4A6E4-CAAA-4E33-BC65-4D8214905BB3}.Ad-Hoc|ARM.ActiveCfg = Ad-Hoc|iPhoneSimulator
		{E5B4A6E4-CAAA-4E33-BC65-4D8214905BB3}.Ad-Hoc|iPhone.ActiveCfg = Ad-Hoc|iPhone
		{E5B4A6E4-CAAA-4E33-BC65-4D8214905BB3}.Ad-Hoc|iPhone.Build.0 = Ad-Hoc|iPhone
		{E5B4A6E4-CAAA-4E33-BC65-4D8214905BB3}.Ad-Hoc|iPhoneSimulator.ActiveCfg = Ad-Hoc|iPhoneSimulator
		{E5B4A6E4-CAAA-4E33-BC65-4D8214905BB3}.Ad-Hoc|iPhoneSimulator.Build.0 = Ad-Hoc|iPhoneSimulator
		{E5B4A6E4-CAAA-4E33-BC65-4D8214905BB3}.Ad-Hoc|iPhoneSimulator.Deploy.0 = Ad-Hoc|iPhoneSimulator
		{E5B4A6E4-CAAA-4E33-BC65-4D8214905BB3}.Ad-Hoc|Mixed Platforms.ActiveCfg = Ad-Hoc|iPhoneSimulator
		{E5B4A6E4-CAAA-4E33-BC65-4D8214905BB3}.Ad-Hoc|Mixed Platforms.Build.0 = Ad-Hoc|iPhoneSimulator
		{E5B4A6E4-CAAA-4E33-BC65-4D8214905BB3}.Ad-Hoc|Mixed Platforms.Deploy.0 = Ad-Hoc|iPhoneSimulator
		{E5B4A6E4-CAAA-4E33-BC65-4D8214905BB3}.Ad-Hoc|x86.ActiveCfg = Ad-Hoc|iPhoneSimulator
		{E5B4A6E4-CAAA-4E33-BC65-4D8214905BB3}.AppStore|Any CPU.ActiveCfg = AppStore|iPhoneSimulator
		{E5B4A6E4-CAAA-4E33-BC65-4D8214905BB3}.AppStore|ARM.ActiveCfg = AppStore|iPhoneSimulator
		{E5B4A6E4-CAAA-4E33-BC65-4D8214905BB3}.AppStore|iPhone.ActiveCfg = AppStore|iPhone
		{E5B4A6E4-CAAA-4E33-BC65-4D8214905BB3}.AppStore|iPhone.Build.0 = AppStore|iPhone
		{E5B4A6E4-CAAA-4E33-BC65-4D8214905BB3}.AppStore|iPhoneSimulator.ActiveCfg = AppStore|iPhoneSimulator
		{E5B4A6E4-CAAA-4E33-BC65-4D8214905BB3}.AppStore|iPhoneSimulator.Build.0 = AppStore|iPhoneSimulator
		{E5B4A6E4-CAAA-4E33-BC65-4D8214905BB3}.AppStore|iPhoneSimulator.Deploy.0 = AppStore|iPhoneSimulator
		{E5B4A6E4-CAAA-4E33-BC65-4D8214905BB3}.AppStore|Mixed Platforms.ActiveCfg = AppStore|iPhoneSimulator
		{E5B4A6E4-CAAA-4E33-BC65-4D8214905BB3}.AppStore|Mixed Platforms.Build.0 = AppStore|iPhoneSimulator
		{E5B4A6E4-CAAA-4E33-BC65-4D8214905BB3}.AppStore|Mixed Platforms.Deploy.0 = AppStore|iPhoneSimulator
		{E5B4A6E4-CAAA-4E33-BC65-4D8214905BB3}.AppStore|x86.ActiveCfg = AppStore|iPhoneSimulator
		{E5B4A6E4-CAAA-4E33-BC65-4D8214905BB3}.Debug|Any CPU.ActiveCfg = Debug|iPhoneSimulator
		{E5B4A6E4-CAAA-4E33-BC65-4D8214905BB3}.Debug|Any CPU.Build.0 = Debug|iPhoneSimulator
		{E5B4A6E4-CAAA-4E33-BC65-4D8214905BB3}.Debug|ARM.ActiveCfg = Debug|iPhone
		{E5B4A6E4-CAAA-4E33-BC65-4D8214905BB3}.Debug|iPhone.ActiveCfg = Debug|iPhone
		{E5B4A6E4-CAAA-4E33-BC65-4D8214905BB3}.Debug|iPhone.Build.0 = Debug|iPhone
		{E5B4A6E4-CAAA-4E33-BC65-4D8214905BB3}.Debug|iPhone.Deploy.0 = Debug|iPhone
		{E5B4A6E4-CAAA-4E33-BC65-4D8214905BB3}.Debug|iPhoneSimulator.ActiveCfg = Debug|iPhoneSimulator
		{E5B4A6E4-CAAA-4E33-BC65-4D8214905BB3}.Debug|iPhoneSimulator.Build.0 = Debug|iPhoneSimulator
		{E5B4A6E4-CAAA-4E33-BC65-4D8214905BB3}.Debug|iPhoneSimulator.Deploy.0 = Debug|iPhoneSimulator
		{E5B4A6E4-CAAA-4E33-BC65-4D8214905BB3}.Debug|Mixed Platforms.ActiveCfg = Debug|iPhone
		{E5B4A6E4-CAAA-4E33-BC65-4D8214905BB3}.Debug|Mixed Platforms.Build.0 = Debug|iPhone
		{E5B4A6E4-CAAA-4E33-BC65-4D8214905BB3}.Debug|Mixed Platforms.Deploy.0 = Debug|iPhone
		{E5B4A6E4-CAAA-4E33-BC65-4D8214905BB3}.Debug|x86.ActiveCfg = Debug|iPhone
		{E5B4A6E4-CAAA-4E33-BC65-4D8214905BB3}.Release|Any CPU.ActiveCfg = Release|iPhoneSimulator
		{E5B4A6E4-CAAA-4E33-BC65-4D8214905BB3}.Release|Any CPU.Build.0 = Release|iPhoneSimulator
		{E5B4A6E4-CAAA-4E33-BC65-4D8214905BB3}.Release|ARM.ActiveCfg = Release|iPhone
		{E5B4A6E4-CAAA-4E33-BC65-4D8214905BB3}.Release|iPhone.ActiveCfg = Release|iPhone
		{E5B4A6E4-CAAA-4E33-BC65-4D8214905BB3}.Release|iPhone.Build.0 = Release|iPhone
		{E5B4A6E4-CAAA-4E33-BC65-4D8214905BB3}.Release|iPhoneSimulator.ActiveCfg = Release|iPhoneSimulator
		{E5B4A6E4-CAAA-4E33-BC65-4D8214905BB3}.Release|iPhoneSimulator.Build.0 = Release|iPhoneSimulator
		{E5B4A6E4-CAAA-4E33-BC65-4D8214905BB3}.Release|Mixed Platforms.ActiveCfg = Release|iPhone
		{E5B4A6E4-CAAA-4E33-BC65-4D8214905BB3}.Release|Mixed Platforms.Build.0 = Release|iPhone
		{E5B4A6E4-CAAA-4E33-BC65-4D8214905BB3}.Release|Mixed Platforms.Deploy.0 = Release|iPhone
		{E5B4A6E4-CAAA-4E33-BC65-4D8214905BB3}.Release|x86.ActiveCfg = Release|iPhone
		{93E46D0B-295C-4F17-9E8C-D4176C5ACD2B}.Ad-Hoc|Any CPU.ActiveCfg = Release|Any CPU
		{93E46D0B-295C-4F17-9E8C-D4176C5ACD2B}.Ad-Hoc|Any CPU.Build.0 = Release|Any CPU
		{93E46D0B-295C-4F17-9E8C-D4176C5ACD2B}.Ad-Hoc|Any CPU.Deploy.0 = Release|Any CPU
		{93E46D0B-295C-4F17-9E8C-D4176C5ACD2B}.Ad-Hoc|ARM.ActiveCfg = Release|ARM
		{93E46D0B-295C-4F17-9E8C-D4176C5ACD2B}.Ad-Hoc|ARM.Build.0 = Release|ARM
		{93E46D0B-295C-4F17-9E8C-D4176C5ACD2B}.Ad-Hoc|ARM.Deploy.0 = Release|ARM
		{93E46D0B-295C-4F17-9E8C-D4176C5ACD2B}.Ad-Hoc|iPhone.ActiveCfg = Release|Any CPU
		{93E46D0B-295C-4F17-9E8C-D4176C5ACD2B}.Ad-Hoc|iPhoneSimulator.ActiveCfg = Release|Any CPU
		{93E46D0B-295C-4F17-9E8C-D4176C5ACD2B}.Ad-Hoc|Mixed Platforms.ActiveCfg = Release|x86
		{93E46D0B-295C-4F17-9E8C-D4176C5ACD2B}.Ad-Hoc|Mixed Platforms.Build.0 = Release|x86
		{93E46D0B-295C-4F17-9E8C-D4176C5ACD2B}.Ad-Hoc|Mixed Platforms.Deploy.0 = Release|x86
		{93E46D0B-295C-4F17-9E8C-D4176C5ACD2B}.Ad-Hoc|x86.ActiveCfg = Release|x86
		{93E46D0B-295C-4F17-9E8C-D4176C5ACD2B}.Ad-Hoc|x86.Build.0 = Release|x86
		{93E46D0B-295C-4F17-9E8C-D4176C5ACD2B}.Ad-Hoc|x86.Deploy.0 = Release|x86
		{93E46D0B-295C-4F17-9E8C-D4176C5ACD2B}.AppStore|Any CPU.ActiveCfg = Release|Any CPU
		{93E46D0B-295C-4F17-9E8C-D4176C5ACD2B}.AppStore|Any CPU.Build.0 = Release|Any CPU
		{93E46D0B-295C-4F17-9E8C-D4176C5ACD2B}.AppStore|Any CPU.Deploy.0 = Release|Any CPU
		{93E46D0B-295C-4F17-9E8C-D4176C5ACD2B}.AppStore|ARM.ActiveCfg = Release|ARM
		{93E46D0B-295C-4F17-9E8C-D4176C5ACD2B}.AppStore|ARM.Build.0 = Release|ARM
		{93E46D0B-295C-4F17-9E8C-D4176C5ACD2B}.AppStore|ARM.Deploy.0 = Release|ARM
		{93E46D0B-295C-4F17-9E8C-D4176C5ACD2B}.AppStore|iPhone.ActiveCfg = Release|Any CPU
		{93E46D0B-295C-4F17-9E8C-D4176C5ACD2B}.AppStore|iPhoneSimulator.ActiveCfg = Release|Any CPU
		{93E46D0B-295C-4F17-9E8C-D4176C5ACD2B}.AppStore|Mixed Platforms.ActiveCfg = Release|x86
		{93E46D0B-295C-4F17-9E8C-D4176C5ACD2B}.AppStore|Mixed Platforms.Build.0 = Release|x86
		{93E46D0B-295C-4F17-9E8C-D4176C5ACD2B}.AppStore|Mixed Platforms.Deploy.0 = Release|x86
		{93E46D0B-295C-4F17-9E8C-D4176C5ACD2B}.AppStore|x86.ActiveCfg = Release|x86
		{93E46D0B-295C-4F17-9E8C-D4176C5ACD2B}.AppStore|x86.Build.0 = Release|x86
		{93E46D0B-295C-4F17-9E8C-D4176C5ACD2B}.AppStore|x86.Deploy.0 = Release|x86
		{93E46D0B-295C-4F17-9E8C-D4176C5ACD2B}.Debug|Any CPU.ActiveCfg = Debug|Any CPU
		{93E46D0B-295C-4F17-9E8C-D4176C5ACD2B}.Debug|Any CPU.Build.0 = Debug|Any CPU
		{93E46D0B-295C-4F17-9E8C-D4176C5ACD2B}.Debug|Any CPU.Deploy.0 = Debug|Any CPU
		{93E46D0B-295C-4F17-9E8C-D4176C5ACD2B}.Debug|ARM.ActiveCfg = Debug|ARM
		{93E46D0B-295C-4F17-9E8C-D4176C5ACD2B}.Debug|ARM.Build.0 = Debug|ARM
		{93E46D0B-295C-4F17-9E8C-D4176C5ACD2B}.Debug|ARM.Deploy.0 = Debug|ARM
		{93E46D0B-295C-4F17-9E8C-D4176C5ACD2B}.Debug|iPhone.ActiveCfg = Debug|Any CPU
		{93E46D0B-295C-4F17-9E8C-D4176C5ACD2B}.Debug|iPhoneSimulator.ActiveCfg = Debug|Any CPU
		{93E46D0B-295C-4F17-9E8C-D4176C5ACD2B}.Debug|Mixed Platforms.ActiveCfg = Debug|x86
		{93E46D0B-295C-4F17-9E8C-D4176C5ACD2B}.Debug|Mixed Platforms.Build.0 = Debug|x86
		{93E46D0B-295C-4F17-9E8C-D4176C5ACD2B}.Debug|Mixed Platforms.Deploy.0 = Debug|x86
		{93E46D0B-295C-4F17-9E8C-D4176C5ACD2B}.Debug|x86.ActiveCfg = Debug|x86
		{93E46D0B-295C-4F17-9E8C-D4176C5ACD2B}.Debug|x86.Build.0 = Debug|x86
		{93E46D0B-295C-4F17-9E8C-D4176C5ACD2B}.Debug|x86.Deploy.0 = Debug|x86
		{93E46D0B-295C-4F17-9E8C-D4176C5ACD2B}.Release|Any CPU.ActiveCfg = Release|Any CPU
		{93E46D0B-295C-4F17-9E8C-D4176C5ACD2B}.Release|Any CPU.Build.0 = Release|Any CPU
		{93E46D0B-295C-4F17-9E8C-D4176C5ACD2B}.Release|Any CPU.Deploy.0 = Release|Any CPU
		{93E46D0B-295C-4F17-9E8C-D4176C5ACD2B}.Release|ARM.ActiveCfg = Release|ARM
		{93E46D0B-295C-4F17-9E8C-D4176C5ACD2B}.Release|ARM.Build.0 = Release|ARM
		{93E46D0B-295C-4F17-9E8C-D4176C5ACD2B}.Release|ARM.Deploy.0 = Release|ARM
		{93E46D0B-295C-4F17-9E8C-D4176C5ACD2B}.Release|iPhone.ActiveCfg = Release|Any CPU
		{93E46D0B-295C-4F17-9E8C-D4176C5ACD2B}.Release|iPhoneSimulator.ActiveCfg = Release|Any CPU
		{93E46D0B-295C-4F17-9E8C-D4176C5ACD2B}.Release|Mixed Platforms.ActiveCfg = Release|x86
		{93E46D0B-295C-4F17-9E8C-D4176C5ACD2B}.Release|Mixed Platforms.Build.0 = Release|x86
		{93E46D0B-295C-4F17-9E8C-D4176C5ACD2B}.Release|Mixed Platforms.Deploy.0 = Release|x86
		{93E46D0B-295C-4F17-9E8C-D4176C5ACD2B}.Release|x86.ActiveCfg = Release|x86
		{93E46D0B-295C-4F17-9E8C-D4176C5ACD2B}.Release|x86.Build.0 = Release|x86
		{93E46D0B-295C-4F17-9E8C-D4176C5ACD2B}.Release|x86.Deploy.0 = Release|x86
	EndGlobalSection
	GlobalSection(SolutionProperties) = preSolution
		HideSolutionNode = FALSE
	EndGlobalSection
	GlobalSection(MonoDevelopProperties) = preSolution
		StartupItem = Hanselman.Android\Hanselman.Android.csproj
	EndGlobalSection
EndGlobal
