
Microsoft Visual Studio Solution File, Format Version 12.00
# Visual Studio Version 16
VisualStudioVersion = 16.0.28714.193
MinimumVisualStudioVersion = 10.0.40219.1
Project("{9A19103F-16F7-4668-BE54-9A1E7A4F7556}") = "Hanselman", "Hanselman\Hanselman.csproj", "{028799A4-E2FD-4901-B950-666C00EFBF63}"
EndProject
Project("{FAE04EC0-301F-11D3-BF4B-00C04F79EFBC}") = "Hanselman.UWP", "UWP\Hanselman.UWP.csproj", "{36964AAD-4E8B-4072-8205-6EB8FE871425}"
EndProject
Project("{2150E333-8FDC-42A3-9474-1A3956D46DE8}") = "Solution Items", "Solution Items", "{EB04CAE1-9F74-40C1-A9BB-5BB7BA4ECECE}"
	ProjectSection(SolutionItems) = preProject
		.editorconfig = .editorconfig
		..\.gitignore = ..\.gitignore
		Android\Hanselman.Android.csproj = Android\Hanselman.Android.csproj
		..\README.md = ..\README.md
		Settings.XamlStyler = Settings.XamlStyler
	EndProjectSection
EndProject
Project("{2150E333-8FDC-42A3-9474-1A3956D46DE8}") = "Shared", "Shared", "{C3DB8634-C873-4FE2-BE60-9C0AF516814F}"
EndProject
Project("{9A19103F-16F7-4668-BE54-9A1E7A4F7556}") = "Hanselman.Shared", "Hanselman.Shared.Models\Hanselman.Shared.csproj", "{F19765E1-D819-4BDF-A662-1A489A4CAEF2}"
EndProject
Project("{2150E333-8FDC-42A3-9474-1A3956D46DE8}") = "Backend", "Backend", "{4665FCD9-644B-40FB-A16F-FC04F7F99FF8}"
EndProject
Project("{9A19103F-16F7-4668-BE54-9A1E7A4F7556}") = "Hanselman.Functions", "Hanselman.Functions\Hanselman.Functions.csproj", "{8331781B-0943-4602-B9C5-08D3D1DCCBE3}"
EndProject
Project("{9A19103F-16F7-4668-BE54-9A1E7A4F7556}") = "Hanselman.Admin", "Hanselman.Admin\Hanselman.Admin.csproj", "{4674883D-4CCC-467A-A321-AD6C7AAD85FD}"
EndProject
Project("{FAE04EC0-301F-11D3-BF4B-00C04F79EFBC}") = "Hanselman.Android", "Android\Hanselman.Android.csproj", "{6BE27B2E-552F-43B2-82D5-058D7F180CEC}"
EndProject
Project("{FAE04EC0-301F-11D3-BF4B-00C04F79EFBC}") = "Hanselman.iOS", "iOS\Hanselman.iOS.csproj", "{E5B4A6E4-CAAA-4E33-BC65-4D8214905BB3}"
EndProject
Global
	GlobalSection(SolutionConfigurationPlatforms) = preSolution
		Ad-Hoc|Any CPU = Ad-Hoc|Any CPU
		Ad-Hoc|ARM = Ad-Hoc|ARM
		Ad-Hoc|iPhone = Ad-Hoc|iPhone
		Ad-Hoc|iPhoneSimulator = Ad-Hoc|iPhoneSimulator
		Ad-Hoc|Mixed Platforms = Ad-Hoc|Mixed Platforms
		Ad-Hoc|x64 = Ad-Hoc|x64
		Ad-Hoc|x86 = Ad-Hoc|x86
		AppStore|Any CPU = AppStore|Any CPU
		AppStore|ARM = AppStore|ARM
		AppStore|iPhone = AppStore|iPhone
		AppStore|iPhoneSimulator = AppStore|iPhoneSimulator
		AppStore|Mixed Platforms = AppStore|Mixed Platforms
		AppStore|x64 = AppStore|x64
		AppStore|x86 = AppStore|x86
		Debug|Any CPU = Debug|Any CPU
		Debug|ARM = Debug|ARM
		Debug|iPhone = Debug|iPhone
		Debug|iPhoneSimulator = Debug|iPhoneSimulator
		Debug|Mixed Platforms = Debug|Mixed Platforms
		Debug|x64 = Debug|x64
		Debug|x86 = Debug|x86
		Release|Any CPU = Release|Any CPU
		Release|ARM = Release|ARM
		Release|iPhone = Release|iPhone
		Release|iPhoneSimulator = Release|iPhoneSimulator
		Release|Mixed Platforms = Release|Mixed Platforms
		Release|x64 = Release|x64
		Release|x86 = Release|x86
	EndGlobalSection
	GlobalSection(ProjectConfigurationPlatforms) = postSolution
		{028799A4-E2FD-4901-B950-666C00EFBF63}.Ad-Hoc|Any CPU.ActiveCfg = Release|Any CPU
		{028799A4-E2FD-4901-B950-666C00EFBF63}.Ad-Hoc|Any CPU.Build.0 = Release|Any CPU
		{028799A4-E2FD-4901-B950-666C00EFBF63}.Ad-Hoc|ARM.ActiveCfg = Release|Any CPU
		{028799A4-E2FD-4901-B950-666C00EFBF63}.Ad-Hoc|iPhone.ActiveCfg = Release|Any CPU
		{028799A4-E2FD-4901-B950-666C00EFBF63}.Ad-Hoc|iPhoneSimulator.ActiveCfg = Release|Any CPU
		{028799A4-E2FD-4901-B950-666C00EFBF63}.Ad-Hoc|Mixed Platforms.ActiveCfg = Release|Any CPU
		{028799A4-E2FD-4901-B950-666C00EFBF63}.Ad-Hoc|Mixed Platforms.Build.0 = Release|Any CPU
		{028799A4-E2FD-4901-B950-666C00EFBF63}.Ad-Hoc|x64.ActiveCfg = Debug|Any CPU
		{028799A4-E2FD-4901-B950-666C00EFBF63}.Ad-Hoc|x86.ActiveCfg = Release|Any CPU
		{028799A4-E2FD-4901-B950-666C00EFBF63}.AppStore|Any CPU.ActiveCfg = Release|Any CPU
		{028799A4-E2FD-4901-B950-666C00EFBF63}.AppStore|Any CPU.Build.0 = Release|Any CPU
		{028799A4-E2FD-4901-B950-666C00EFBF63}.AppStore|ARM.ActiveCfg = Release|Any CPU
		{028799A4-E2FD-4901-B950-666C00EFBF63}.AppStore|iPhone.ActiveCfg = Release|Any CPU
		{028799A4-E2FD-4901-B950-666C00EFBF63}.AppStore|iPhoneSimulator.ActiveCfg = Release|Any CPU
		{028799A4-E2FD-4901-B950-666C00EFBF63}.AppStore|Mixed Platforms.ActiveCfg = Release|Any CPU
		{028799A4-E2FD-4901-B950-666C00EFBF63}.AppStore|Mixed Platforms.Build.0 = Release|Any CPU
		{028799A4-E2FD-4901-B950-666C00EFBF63}.AppStore|x64.ActiveCfg = Debug|Any CPU
		{028799A4-E2FD-4901-B950-666C00EFBF63}.AppStore|x86.ActiveCfg = Release|Any CPU
		{028799A4-E2FD-4901-B950-666C00EFBF63}.Debug|Any CPU.ActiveCfg = Debug|Any CPU
		{028799A4-E2FD-4901-B950-666C00EFBF63}.Debug|Any CPU.Build.0 = Debug|Any CPU
		{028799A4-E2FD-4901-B950-666C00EFBF63}.Debug|ARM.ActiveCfg = Debug|Any CPU
		{028799A4-E2FD-4901-B950-666C00EFBF63}.Debug|iPhone.ActiveCfg = Debug|Any CPU
		{028799A4-E2FD-4901-B950-666C00EFBF63}.Debug|iPhone.Build.0 = Debug|Any CPU
		{028799A4-E2FD-4901-B950-666C00EFBF63}.Debug|iPhoneSimulator.ActiveCfg = Debug|Any CPU
		{028799A4-E2FD-4901-B950-666C00EFBF63}.Debug|iPhoneSimulator.Build.0 = Debug|Any CPU
		{028799A4-E2FD-4901-B950-666C00EFBF63}.Debug|Mixed Platforms.ActiveCfg = Debug|Any CPU
		{028799A4-E2FD-4901-B950-666C00EFBF63}.Debug|Mixed Platforms.Build.0 = Debug|Any CPU
		{028799A4-E2FD-4901-B950-666C00EFBF63}.Debug|x64.ActiveCfg = Debug|Any CPU
		{028799A4-E2FD-4901-B950-666C00EFBF63}.Debug|x86.ActiveCfg = Debug|Any CPU
		{028799A4-E2FD-4901-B950-666C00EFBF63}.Debug|x86.Build.0 = Debug|Any CPU
		{028799A4-E2FD-4901-B950-666C00EFBF63}.Release|Any CPU.ActiveCfg = Release|Any CPU
		{028799A4-E2FD-4901-B950-666C00EFBF63}.Release|Any CPU.Build.0 = Release|Any CPU
		{028799A4-E2FD-4901-B950-666C00EFBF63}.Release|ARM.ActiveCfg = Release|Any CPU
		{028799A4-E2FD-4901-B950-666C00EFBF63}.Release|iPhone.ActiveCfg = Release|Any CPU
		{028799A4-E2FD-4901-B950-666C00EFBF63}.Release|iPhone.Build.0 = Release|Any CPU
		{028799A4-E2FD-4901-B950-666C00EFBF63}.Release|iPhoneSimulator.ActiveCfg = Release|Any CPU
		{028799A4-E2FD-4901-B950-666C00EFBF63}.Release|Mixed Platforms.ActiveCfg = Release|Any CPU
		{028799A4-E2FD-4901-B950-666C00EFBF63}.Release|Mixed Platforms.Build.0 = Release|Any CPU
		{028799A4-E2FD-4901-B950-666C00EFBF63}.Release|x64.ActiveCfg = Release|Any CPU
		{028799A4-E2FD-4901-B950-666C00EFBF63}.Release|x86.ActiveCfg = Release|Any CPU
		{36964AAD-4E8B-4072-8205-6EB8FE871425}.Ad-Hoc|Any CPU.ActiveCfg = Release|x86
		{36964AAD-4E8B-4072-8205-6EB8FE871425}.Ad-Hoc|Any CPU.Build.0 = Release|x86
		{36964AAD-4E8B-4072-8205-6EB8FE871425}.Ad-Hoc|Any CPU.Deploy.0 = Release|x86
		{36964AAD-4E8B-4072-8205-6EB8FE871425}.Ad-Hoc|ARM.ActiveCfg = Release|ARM
		{36964AAD-4E8B-4072-8205-6EB8FE871425}.Ad-Hoc|ARM.Build.0 = Release|ARM
		{36964AAD-4E8B-4072-8205-6EB8FE871425}.Ad-Hoc|ARM.Deploy.0 = Release|ARM
		{36964AAD-4E8B-4072-8205-6EB8FE871425}.Ad-Hoc|iPhone.ActiveCfg = Release|x86
		{36964AAD-4E8B-4072-8205-6EB8FE871425}.Ad-Hoc|iPhone.Build.0 = Release|x86
		{36964AAD-4E8B-4072-8205-6EB8FE871425}.Ad-Hoc|iPhone.Deploy.0 = Release|x86
		{36964AAD-4E8B-4072-8205-6EB8FE871425}.Ad-Hoc|iPhoneSimulator.ActiveCfg = Release|x86
		{36964AAD-4E8B-4072-8205-6EB8FE871425}.Ad-Hoc|iPhoneSimulator.Build.0 = Release|x86
		{36964AAD-4E8B-4072-8205-6EB8FE871425}.Ad-Hoc|iPhoneSimulator.Deploy.0 = Release|x86
		{36964AAD-4E8B-4072-8205-6EB8FE871425}.Ad-Hoc|Mixed Platforms.ActiveCfg = Release|x86
		{36964AAD-4E8B-4072-8205-6EB8FE871425}.Ad-Hoc|Mixed Platforms.Build.0 = Release|x86
		{36964AAD-4E8B-4072-8205-6EB8FE871425}.Ad-Hoc|Mixed Platforms.Deploy.0 = Release|x86
		{36964AAD-4E8B-4072-8205-6EB8FE871425}.Ad-Hoc|x64.ActiveCfg = Release|x64
		{36964AAD-4E8B-4072-8205-6EB8FE871425}.Ad-Hoc|x64.Build.0 = Release|x64
		{36964AAD-4E8B-4072-8205-6EB8FE871425}.Ad-Hoc|x64.Deploy.0 = Release|x64
		{36964AAD-4E8B-4072-8205-6EB8FE871425}.Ad-Hoc|x86.ActiveCfg = Release|x86
		{36964AAD-4E8B-4072-8205-6EB8FE871425}.Ad-Hoc|x86.Build.0 = Release|x86
		{36964AAD-4E8B-4072-8205-6EB8FE871425}.Ad-Hoc|x86.Deploy.0 = Release|x86
		{36964AAD-4E8B-4072-8205-6EB8FE871425}.AppStore|Any CPU.ActiveCfg = Release|x86
		{36964AAD-4E8B-4072-8205-6EB8FE871425}.AppStore|Any CPU.Build.0 = Release|x86
		{36964AAD-4E8B-4072-8205-6EB8FE871425}.AppStore|Any CPU.Deploy.0 = Release|x86
		{36964AAD-4E8B-4072-8205-6EB8FE871425}.AppStore|ARM.ActiveCfg = Release|ARM
		{36964AAD-4E8B-4072-8205-6EB8FE871425}.AppStore|ARM.Build.0 = Release|ARM
		{36964AAD-4E8B-4072-8205-6EB8FE871425}.AppStore|ARM.Deploy.0 = Release|ARM
		{36964AAD-4E8B-4072-8205-6EB8FE871425}.AppStore|iPhone.ActiveCfg = Release|x86
		{36964AAD-4E8B-4072-8205-6EB8FE871425}.AppStore|iPhone.Build.0 = Release|x86
		{36964AAD-4E8B-4072-8205-6EB8FE871425}.AppStore|iPhone.Deploy.0 = Release|x86
		{36964AAD-4E8B-4072-8205-6EB8FE871425}.AppStore|iPhoneSimulator.ActiveCfg = Release|x86
		{36964AAD-4E8B-4072-8205-6EB8FE871425}.AppStore|iPhoneSimulator.Build.0 = Release|x86
		{36964AAD-4E8B-4072-8205-6EB8FE871425}.AppStore|iPhoneSimulator.Deploy.0 = Release|x86
		{36964AAD-4E8B-4072-8205-6EB8FE871425}.AppStore|Mixed Platforms.ActiveCfg = Release|x86
		{36964AAD-4E8B-4072-8205-6EB8FE871425}.AppStore|Mixed Platforms.Build.0 = Release|x86
		{36964AAD-4E8B-4072-8205-6EB8FE871425}.AppStore|Mixed Platforms.Deploy.0 = Release|x86
		{36964AAD-4E8B-4072-8205-6EB8FE871425}.AppStore|x64.ActiveCfg = Release|x64
		{36964AAD-4E8B-4072-8205-6EB8FE871425}.AppStore|x64.Build.0 = Release|x64
		{36964AAD-4E8B-4072-8205-6EB8FE871425}.AppStore|x64.Deploy.0 = Release|x64
		{36964AAD-4E8B-4072-8205-6EB8FE871425}.AppStore|x86.ActiveCfg = Release|x86
		{36964AAD-4E8B-4072-8205-6EB8FE871425}.AppStore|x86.Build.0 = Release|x86
		{36964AAD-4E8B-4072-8205-6EB8FE871425}.AppStore|x86.Deploy.0 = Release|x86
		{36964AAD-4E8B-4072-8205-6EB8FE871425}.Debug|Any CPU.ActiveCfg = Debug|x86
		{36964AAD-4E8B-4072-8205-6EB8FE871425}.Debug|Any CPU.Build.0 = Debug|x86
		{36964AAD-4E8B-4072-8205-6EB8FE871425}.Debug|Any CPU.Deploy.0 = Debug|x86
		{36964AAD-4E8B-4072-8205-6EB8FE871425}.Debug|ARM.ActiveCfg = Debug|ARM
		{36964AAD-4E8B-4072-8205-6EB8FE871425}.Debug|ARM.Build.0 = Debug|ARM
		{36964AAD-4E8B-4072-8205-6EB8FE871425}.Debug|ARM.Deploy.0 = Debug|ARM
		{36964AAD-4E8B-4072-8205-6EB8FE871425}.Debug|iPhone.ActiveCfg = Debug|x86
		{36964AAD-4E8B-4072-8205-6EB8FE871425}.Debug|iPhoneSimulator.ActiveCfg = Debug|x86
		{36964AAD-4E8B-4072-8205-6EB8FE871425}.Debug|Mixed Platforms.ActiveCfg = Debug|x86
		{36964AAD-4E8B-4072-8205-6EB8FE871425}.Debug|Mixed Platforms.Build.0 = Debug|x86
		{36964AAD-4E8B-4072-8205-6EB8FE871425}.Debug|Mixed Platforms.Deploy.0 = Debug|x86
		{36964AAD-4E8B-4072-8205-6EB8FE871425}.Debug|x64.ActiveCfg = Debug|x64
		{36964AAD-4E8B-4072-8205-6EB8FE871425}.Debug|x64.Build.0 = Debug|x64
		{36964AAD-4E8B-4072-8205-6EB8FE871425}.Debug|x64.Deploy.0 = Debug|x64
		{36964AAD-4E8B-4072-8205-6EB8FE871425}.Debug|x86.ActiveCfg = Debug|x86
		{36964AAD-4E8B-4072-8205-6EB8FE871425}.Debug|x86.Build.0 = Debug|x86
		{36964AAD-4E8B-4072-8205-6EB8FE871425}.Debug|x86.Deploy.0 = Debug|x86
		{36964AAD-4E8B-4072-8205-6EB8FE871425}.Release|Any CPU.ActiveCfg = Release|x86
		{36964AAD-4E8B-4072-8205-6EB8FE871425}.Release|ARM.ActiveCfg = Release|ARM
		{36964AAD-4E8B-4072-8205-6EB8FE871425}.Release|ARM.Build.0 = Release|ARM
		{36964AAD-4E8B-4072-8205-6EB8FE871425}.Release|ARM.Deploy.0 = Release|ARM
		{36964AAD-4E8B-4072-8205-6EB8FE871425}.Release|iPhone.ActiveCfg = Release|x86
		{36964AAD-4E8B-4072-8205-6EB8FE871425}.Release|iPhoneSimulator.ActiveCfg = Release|x86
		{36964AAD-4E8B-4072-8205-6EB8FE871425}.Release|Mixed Platforms.ActiveCfg = Release|x86
		{36964AAD-4E8B-4072-8205-6EB8FE871425}.Release|Mixed Platforms.Build.0 = Release|x86
		{36964AAD-4E8B-4072-8205-6EB8FE871425}.Release|Mixed Platforms.Deploy.0 = Release|x86
		{36964AAD-4E8B-4072-8205-6EB8FE871425}.Release|x64.ActiveCfg = Release|x64
		{36964AAD-4E8B-4072-8205-6EB8FE871425}.Release|x64.Build.0 = Release|x64
		{36964AAD-4E8B-4072-8205-6EB8FE871425}.Release|x64.Deploy.0 = Release|x64
		{36964AAD-4E8B-4072-8205-6EB8FE871425}.Release|x86.ActiveCfg = Release|x86
		{36964AAD-4E8B-4072-8205-6EB8FE871425}.Release|x86.Build.0 = Release|x86
		{36964AAD-4E8B-4072-8205-6EB8FE871425}.Release|x86.Deploy.0 = Release|x86
		{F19765E1-D819-4BDF-A662-1A489A4CAEF2}.Ad-Hoc|Any CPU.ActiveCfg = Debug|Any CPU
		{F19765E1-D819-4BDF-A662-1A489A4CAEF2}.Ad-Hoc|Any CPU.Build.0 = Debug|Any CPU
		{F19765E1-D819-4BDF-A662-1A489A4CAEF2}.Ad-Hoc|ARM.ActiveCfg = Debug|Any CPU
		{F19765E1-D819-4BDF-A662-1A489A4CAEF2}.Ad-Hoc|ARM.Build.0 = Debug|Any CPU
		{F19765E1-D819-4BDF-A662-1A489A4CAEF2}.Ad-Hoc|iPhone.ActiveCfg = Debug|Any CPU
		{F19765E1-D819-4BDF-A662-1A489A4CAEF2}.Ad-Hoc|iPhone.Build.0 = Debug|Any CPU
		{F19765E1-D819-4BDF-A662-1A489A4CAEF2}.Ad-Hoc|iPhoneSimulator.ActiveCfg = Debug|Any CPU
		{F19765E1-D819-4BDF-A662-1A489A4CAEF2}.Ad-Hoc|iPhoneSimulator.Build.0 = Debug|Any CPU
		{F19765E1-D819-4BDF-A662-1A489A4CAEF2}.Ad-Hoc|Mixed Platforms.ActiveCfg = Debug|Any CPU
		{F19765E1-D819-4BDF-A662-1A489A4CAEF2}.Ad-Hoc|Mixed Platforms.Build.0 = Debug|Any CPU
		{F19765E1-D819-4BDF-A662-1A489A4CAEF2}.Ad-Hoc|x64.ActiveCfg = Debug|Any CPU
		{F19765E1-D819-4BDF-A662-1A489A4CAEF2}.Ad-Hoc|x64.Build.0 = Debug|Any CPU
		{F19765E1-D819-4BDF-A662-1A489A4CAEF2}.Ad-Hoc|x86.ActiveCfg = Debug|Any CPU
		{F19765E1-D819-4BDF-A662-1A489A4CAEF2}.Ad-Hoc|x86.Build.0 = Debug|Any CPU
		{F19765E1-D819-4BDF-A662-1A489A4CAEF2}.AppStore|Any CPU.ActiveCfg = Debug|Any CPU
		{F19765E1-D819-4BDF-A662-1A489A4CAEF2}.AppStore|Any CPU.Build.0 = Debug|Any CPU
		{F19765E1-D819-4BDF-A662-1A489A4CAEF2}.AppStore|ARM.ActiveCfg = Debug|Any CPU
		{F19765E1-D819-4BDF-A662-1A489A4CAEF2}.AppStore|ARM.Build.0 = Debug|Any CPU
		{F19765E1-D819-4BDF-A662-1A489A4CAEF2}.AppStore|iPhone.ActiveCfg = Debug|Any CPU
		{F19765E1-D819-4BDF-A662-1A489A4CAEF2}.AppStore|iPhone.Build.0 = Debug|Any CPU
		{F19765E1-D819-4BDF-A662-1A489A4CAEF2}.AppStore|iPhoneSimulator.ActiveCfg = Debug|Any CPU
		{F19765E1-D819-4BDF-A662-1A489A4CAEF2}.AppStore|iPhoneSimulator.Build.0 = Debug|Any CPU
		{F19765E1-D819-4BDF-A662-1A489A4CAEF2}.AppStore|Mixed Platforms.ActiveCfg = Debug|Any CPU
		{F19765E1-D819-4BDF-A662-1A489A4CAEF2}.AppStore|Mixed Platforms.Build.0 = Debug|Any CPU
		{F19765E1-D819-4BDF-A662-1A489A4CAEF2}.AppStore|x64.ActiveCfg = Debug|Any CPU
		{F19765E1-D819-4BDF-A662-1A489A4CAEF2}.AppStore|x64.Build.0 = Debug|Any CPU
		{F19765E1-D819-4BDF-A662-1A489A4CAEF2}.AppStore|x86.ActiveCfg = Debug|Any CPU
		{F19765E1-D819-4BDF-A662-1A489A4CAEF2}.AppStore|x86.Build.0 = Debug|Any CPU
		{F19765E1-D819-4BDF-A662-1A489A4CAEF2}.Debug|Any CPU.ActiveCfg = Debug|Any CPU
		{F19765E1-D819-4BDF-A662-1A489A4CAEF2}.Debug|Any CPU.Build.0 = Debug|Any CPU
		{F19765E1-D819-4BDF-A662-1A489A4CAEF2}.Debug|ARM.ActiveCfg = Debug|Any CPU
		{F19765E1-D819-4BDF-A662-1A489A4CAEF2}.Debug|ARM.Build.0 = Debug|Any CPU
		{F19765E1-D819-4BDF-A662-1A489A4CAEF2}.Debug|iPhone.ActiveCfg = Debug|Any CPU
		{F19765E1-D819-4BDF-A662-1A489A4CAEF2}.Debug|iPhone.Build.0 = Debug|Any CPU
		{F19765E1-D819-4BDF-A662-1A489A4CAEF2}.Debug|iPhoneSimulator.ActiveCfg = Debug|Any CPU
		{F19765E1-D819-4BDF-A662-1A489A4CAEF2}.Debug|iPhoneSimulator.Build.0 = Debug|Any CPU
		{F19765E1-D819-4BDF-A662-1A489A4CAEF2}.Debug|Mixed Platforms.ActiveCfg = Debug|Any CPU
		{F19765E1-D819-4BDF-A662-1A489A4CAEF2}.Debug|Mixed Platforms.Build.0 = Debug|Any CPU
		{F19765E1-D819-4BDF-A662-1A489A4CAEF2}.Debug|x64.ActiveCfg = Debug|Any CPU
		{F19765E1-D819-4BDF-A662-1A489A4CAEF2}.Debug|x64.Build.0 = Debug|Any CPU
		{F19765E1-D819-4BDF-A662-1A489A4CAEF2}.Debug|x86.ActiveCfg = Debug|Any CPU
		{F19765E1-D819-4BDF-A662-1A489A4CAEF2}.Debug|x86.Build.0 = Debug|Any CPU
		{F19765E1-D819-4BDF-A662-1A489A4CAEF2}.Release|Any CPU.ActiveCfg = Release|Any CPU
		{F19765E1-D819-4BDF-A662-1A489A4CAEF2}.Release|Any CPU.Build.0 = Release|Any CPU
		{F19765E1-D819-4BDF-A662-1A489A4CAEF2}.Release|ARM.ActiveCfg = Release|Any CPU
		{F19765E1-D819-4BDF-A662-1A489A4CAEF2}.Release|ARM.Build.0 = Release|Any CPU
		{F19765E1-D819-4BDF-A662-1A489A4CAEF2}.Release|iPhone.ActiveCfg = Release|Any CPU
		{F19765E1-D819-4BDF-A662-1A489A4CAEF2}.Release|iPhone.Build.0 = Release|Any CPU
		{F19765E1-D819-4BDF-A662-1A489A4CAEF2}.Release|iPhoneSimulator.ActiveCfg = Release|Any CPU
		{F19765E1-D819-4BDF-A662-1A489A4CAEF2}.Release|iPhoneSimulator.Build.0 = Release|Any CPU
		{F19765E1-D819-4BDF-A662-1A489A4CAEF2}.Release|Mixed Platforms.ActiveCfg = Release|Any CPU
		{F19765E1-D819-4BDF-A662-1A489A4CAEF2}.Release|Mixed Platforms.Build.0 = Release|Any CPU
		{F19765E1-D819-4BDF-A662-1A489A4CAEF2}.Release|x64.ActiveCfg = Release|Any CPU
		{F19765E1-D819-4BDF-A662-1A489A4CAEF2}.Release|x64.Build.0 = Release|Any CPU
		{F19765E1-D819-4BDF-A662-1A489A4CAEF2}.Release|x86.ActiveCfg = Release|Any CPU
		{F19765E1-D819-4BDF-A662-1A489A4CAEF2}.Release|x86.Build.0 = Release|Any CPU
		{8331781B-0943-4602-B9C5-08D3D1DCCBE3}.Ad-Hoc|Any CPU.ActiveCfg = Debug|Any CPU
		{8331781B-0943-4602-B9C5-08D3D1DCCBE3}.Ad-Hoc|Any CPU.Build.0 = Debug|Any CPU
		{8331781B-0943-4602-B9C5-08D3D1DCCBE3}.Ad-Hoc|ARM.ActiveCfg = Debug|Any CPU
		{8331781B-0943-4602-B9C5-08D3D1DCCBE3}.Ad-Hoc|ARM.Build.0 = Debug|Any CPU
		{8331781B-0943-4602-B9C5-08D3D1DCCBE3}.Ad-Hoc|iPhone.ActiveCfg = Debug|Any CPU
		{8331781B-0943-4602-B9C5-08D3D1DCCBE3}.Ad-Hoc|iPhone.Build.0 = Debug|Any CPU
		{8331781B-0943-4602-B9C5-08D3D1DCCBE3}.Ad-Hoc|iPhoneSimulator.ActiveCfg = Debug|Any CPU
		{8331781B-0943-4602-B9C5-08D3D1DCCBE3}.Ad-Hoc|iPhoneSimulator.Build.0 = Debug|Any CPU
		{8331781B-0943-4602-B9C5-08D3D1DCCBE3}.Ad-Hoc|Mixed Platforms.ActiveCfg = Debug|Any CPU
		{8331781B-0943-4602-B9C5-08D3D1DCCBE3}.Ad-Hoc|Mixed Platforms.Build.0 = Debug|Any CPU
		{8331781B-0943-4602-B9C5-08D3D1DCCBE3}.Ad-Hoc|x64.ActiveCfg = Debug|Any CPU
		{8331781B-0943-4602-B9C5-08D3D1DCCBE3}.Ad-Hoc|x64.Build.0 = Debug|Any CPU
		{8331781B-0943-4602-B9C5-08D3D1DCCBE3}.Ad-Hoc|x86.ActiveCfg = Debug|Any CPU
		{8331781B-0943-4602-B9C5-08D3D1DCCBE3}.Ad-Hoc|x86.Build.0 = Debug|Any CPU
		{8331781B-0943-4602-B9C5-08D3D1DCCBE3}.AppStore|Any CPU.ActiveCfg = Debug|Any CPU
		{8331781B-0943-4602-B9C5-08D3D1DCCBE3}.AppStore|Any CPU.Build.0 = Debug|Any CPU
		{8331781B-0943-4602-B9C5-08D3D1DCCBE3}.AppStore|ARM.ActiveCfg = Debug|Any CPU
		{8331781B-0943-4602-B9C5-08D3D1DCCBE3}.AppStore|ARM.Build.0 = Debug|Any CPU
		{8331781B-0943-4602-B9C5-08D3D1DCCBE3}.AppStore|iPhone.ActiveCfg = Debug|Any CPU
		{8331781B-0943-4602-B9C5-08D3D1DCCBE3}.AppStore|iPhone.Build.0 = Debug|Any CPU
		{8331781B-0943-4602-B9C5-08D3D1DCCBE3}.AppStore|iPhoneSimulator.ActiveCfg = Debug|Any CPU
		{8331781B-0943-4602-B9C5-08D3D1DCCBE3}.AppStore|iPhoneSimulator.Build.0 = Debug|Any CPU
		{8331781B-0943-4602-B9C5-08D3D1DCCBE3}.AppStore|Mixed Platforms.ActiveCfg = Debug|Any CPU
		{8331781B-0943-4602-B9C5-08D3D1DCCBE3}.AppStore|Mixed Platforms.Build.0 = Debug|Any CPU
		{8331781B-0943-4602-B9C5-08D3D1DCCBE3}.AppStore|x64.ActiveCfg = Debug|Any CPU
		{8331781B-0943-4602-B9C5-08D3D1DCCBE3}.AppStore|x64.Build.0 = Debug|Any CPU
		{8331781B-0943-4602-B9C5-08D3D1DCCBE3}.AppStore|x86.ActiveCfg = Debug|Any CPU
		{8331781B-0943-4602-B9C5-08D3D1DCCBE3}.AppStore|x86.Build.0 = Debug|Any CPU
		{8331781B-0943-4602-B9C5-08D3D1DCCBE3}.Debug|Any CPU.ActiveCfg = Debug|Any CPU
		{8331781B-0943-4602-B9C5-08D3D1DCCBE3}.Debug|Any CPU.Build.0 = Debug|Any CPU
		{8331781B-0943-4602-B9C5-08D3D1DCCBE3}.Debug|ARM.ActiveCfg = Debug|Any CPU
		{8331781B-0943-4602-B9C5-08D3D1DCCBE3}.Debug|ARM.Build.0 = Debug|Any CPU
		{8331781B-0943-4602-B9C5-08D3D1DCCBE3}.Debug|iPhone.ActiveCfg = Debug|Any CPU
		{8331781B-0943-4602-B9C5-08D3D1DCCBE3}.Debug|iPhone.Build.0 = Debug|Any CPU
		{8331781B-0943-4602-B9C5-08D3D1DCCBE3}.Debug|iPhoneSimulator.ActiveCfg = Debug|Any CPU
		{8331781B-0943-4602-B9C5-08D3D1DCCBE3}.Debug|iPhoneSimulator.Build.0 = Debug|Any CPU
		{8331781B-0943-4602-B9C5-08D3D1DCCBE3}.Debug|Mixed Platforms.ActiveCfg = Debug|Any CPU
		{8331781B-0943-4602-B9C5-08D3D1DCCBE3}.Debug|Mixed Platforms.Build.0 = Debug|Any CPU
		{8331781B-0943-4602-B9C5-08D3D1DCCBE3}.Debug|x64.ActiveCfg = Debug|Any CPU
		{8331781B-0943-4602-B9C5-08D3D1DCCBE3}.Debug|x64.Build.0 = Debug|Any CPU
		{8331781B-0943-4602-B9C5-08D3D1DCCBE3}.Debug|x86.ActiveCfg = Debug|Any CPU
		{8331781B-0943-4602-B9C5-08D3D1DCCBE3}.Debug|x86.Build.0 = Debug|Any CPU
		{8331781B-0943-4602-B9C5-08D3D1DCCBE3}.Release|Any CPU.ActiveCfg = Release|Any CPU
		{8331781B-0943-4602-B9C5-08D3D1DCCBE3}.Release|Any CPU.Build.0 = Release|Any CPU
		{8331781B-0943-4602-B9C5-08D3D1DCCBE3}.Release|ARM.ActiveCfg = Release|Any CPU
		{8331781B-0943-4602-B9C5-08D3D1DCCBE3}.Release|ARM.Build.0 = Release|Any CPU
		{8331781B-0943-4602-B9C5-08D3D1DCCBE3}.Release|iPhone.ActiveCfg = Release|Any CPU
		{8331781B-0943-4602-B9C5-08D3D1DCCBE3}.Release|iPhone.Build.0 = Release|Any CPU
		{8331781B-0943-4602-B9C5-08D3D1DCCBE3}.Release|iPhoneSimulator.ActiveCfg = Release|Any CPU
		{8331781B-0943-4602-B9C5-08D3D1DCCBE3}.Release|iPhoneSimulator.Build.0 = Release|Any CPU
		{8331781B-0943-4602-B9C5-08D3D1DCCBE3}.Release|Mixed Platforms.ActiveCfg = Release|Any CPU
		{8331781B-0943-4602-B9C5-08D3D1DCCBE3}.Release|Mixed Platforms.Build.0 = Release|Any CPU
		{8331781B-0943-4602-B9C5-08D3D1DCCBE3}.Release|x64.ActiveCfg = Release|Any CPU
		{8331781B-0943-4602-B9C5-08D3D1DCCBE3}.Release|x64.Build.0 = Release|Any CPU
		{8331781B-0943-4602-B9C5-08D3D1DCCBE3}.Release|x86.ActiveCfg = Release|Any CPU
		{8331781B-0943-4602-B9C5-08D3D1DCCBE3}.Release|x86.Build.0 = Release|Any CPU
		{4674883D-4CCC-467A-A321-AD6C7AAD85FD}.Ad-Hoc|Any CPU.ActiveCfg = Debug|Any CPU
		{4674883D-4CCC-467A-A321-AD6C7AAD85FD}.Ad-Hoc|Any CPU.Build.0 = Debug|Any CPU
		{4674883D-4CCC-467A-A321-AD6C7AAD85FD}.Ad-Hoc|ARM.ActiveCfg = Debug|Any CPU
		{4674883D-4CCC-467A-A321-AD6C7AAD85FD}.Ad-Hoc|ARM.Build.0 = Debug|Any CPU
		{4674883D-4CCC-467A-A321-AD6C7AAD85FD}.Ad-Hoc|iPhone.ActiveCfg = Debug|Any CPU
		{4674883D-4CCC-467A-A321-AD6C7AAD85FD}.Ad-Hoc|iPhone.Build.0 = Debug|Any CPU
		{4674883D-4CCC-467A-A321-AD6C7AAD85FD}.Ad-Hoc|iPhoneSimulator.ActiveCfg = Debug|Any CPU
		{4674883D-4CCC-467A-A321-AD6C7AAD85FD}.Ad-Hoc|iPhoneSimulator.Build.0 = Debug|Any CPU
		{4674883D-4CCC-467A-A321-AD6C7AAD85FD}.Ad-Hoc|Mixed Platforms.ActiveCfg = Debug|Any CPU
		{4674883D-4CCC-467A-A321-AD6C7AAD85FD}.Ad-Hoc|Mixed Platforms.Build.0 = Debug|Any CPU
		{4674883D-4CCC-467A-A321-AD6C7AAD85FD}.Ad-Hoc|x64.ActiveCfg = Debug|Any CPU
		{4674883D-4CCC-467A-A321-AD6C7AAD85FD}.Ad-Hoc|x64.Build.0 = Debug|Any CPU
		{4674883D-4CCC-467A-A321-AD6C7AAD85FD}.Ad-Hoc|x86.ActiveCfg = Debug|Any CPU
		{4674883D-4CCC-467A-A321-AD6C7AAD85FD}.Ad-Hoc|x86.Build.0 = Debug|Any CPU
		{4674883D-4CCC-467A-A321-AD6C7AAD85FD}.AppStore|Any CPU.ActiveCfg = Debug|Any CPU
		{4674883D-4CCC-467A-A321-AD6C7AAD85FD}.AppStore|Any CPU.Build.0 = Debug|Any CPU
		{4674883D-4CCC-467A-A321-AD6C7AAD85FD}.AppStore|ARM.ActiveCfg = Debug|Any CPU
		{4674883D-4CCC-467A-A321-AD6C7AAD85FD}.AppStore|ARM.Build.0 = Debug|Any CPU
		{4674883D-4CCC-467A-A321-AD6C7AAD85FD}.AppStore|iPhone.ActiveCfg = Debug|Any CPU
		{4674883D-4CCC-467A-A321-AD6C7AAD85FD}.AppStore|iPhone.Build.0 = Debug|Any CPU
		{4674883D-4CCC-467A-A321-AD6C7AAD85FD}.AppStore|iPhoneSimulator.ActiveCfg = Debug|Any CPU
		{4674883D-4CCC-467A-A321-AD6C7AAD85FD}.AppStore|iPhoneSimulator.Build.0 = Debug|Any CPU
		{4674883D-4CCC-467A-A321-AD6C7AAD85FD}.AppStore|Mixed Platforms.ActiveCfg = Debug|Any CPU
		{4674883D-4CCC-467A-A321-AD6C7AAD85FD}.AppStore|Mixed Platforms.Build.0 = Debug|Any CPU
		{4674883D-4CCC-467A-A321-AD6C7AAD85FD}.AppStore|x64.ActiveCfg = Debug|Any CPU
		{4674883D-4CCC-467A-A321-AD6C7AAD85FD}.AppStore|x64.Build.0 = Debug|Any CPU
		{4674883D-4CCC-467A-A321-AD6C7AAD85FD}.AppStore|x86.ActiveCfg = Debug|Any CPU
		{4674883D-4CCC-467A-A321-AD6C7AAD85FD}.AppStore|x86.Build.0 = Debug|Any CPU
		{4674883D-4CCC-467A-A321-AD6C7AAD85FD}.Debug|Any CPU.ActiveCfg = Debug|Any CPU
		{4674883D-4CCC-467A-A321-AD6C7AAD85FD}.Debug|Any CPU.Build.0 = Debug|Any CPU
		{4674883D-4CCC-467A-A321-AD6C7AAD85FD}.Debug|ARM.ActiveCfg = Debug|Any CPU
		{4674883D-4CCC-467A-A321-AD6C7AAD85FD}.Debug|ARM.Build.0 = Debug|Any CPU
		{4674883D-4CCC-467A-A321-AD6C7AAD85FD}.Debug|iPhone.ActiveCfg = Debug|Any CPU
		{4674883D-4CCC-467A-A321-AD6C7AAD85FD}.Debug|iPhone.Build.0 = Debug|Any CPU
		{4674883D-4CCC-467A-A321-AD6C7AAD85FD}.Debug|iPhoneSimulator.ActiveCfg = Debug|Any CPU
		{4674883D-4CCC-467A-A321-AD6C7AAD85FD}.Debug|iPhoneSimulator.Build.0 = Debug|Any CPU
		{4674883D-4CCC-467A-A321-AD6C7AAD85FD}.Debug|Mixed Platforms.ActiveCfg = Debug|Any CPU
		{4674883D-4CCC-467A-A321-AD6C7AAD85FD}.Debug|Mixed Platforms.Build.0 = Debug|Any CPU
		{4674883D-4CCC-467A-A321-AD6C7AAD85FD}.Debug|x64.ActiveCfg = Debug|Any CPU
		{4674883D-4CCC-467A-A321-AD6C7AAD85FD}.Debug|x64.Build.0 = Debug|Any CPU
		{4674883D-4CCC-467A-A321-AD6C7AAD85FD}.Debug|x86.ActiveCfg = Debug|Any CPU
		{4674883D-4CCC-467A-A321-AD6C7AAD85FD}.Debug|x86.Build.0 = Debug|Any CPU
		{4674883D-4CCC-467A-A321-AD6C7AAD85FD}.Release|Any CPU.ActiveCfg = Release|Any CPU
		{4674883D-4CCC-467A-A321-AD6C7AAD85FD}.Release|Any CPU.Build.0 = Release|Any CPU
		{4674883D-4CCC-467A-A321-AD6C7AAD85FD}.Release|ARM.ActiveCfg = Release|Any CPU
		{4674883D-4CCC-467A-A321-AD6C7AAD85FD}.Release|ARM.Build.0 = Release|Any CPU
		{4674883D-4CCC-467A-A321-AD6C7AAD85FD}.Release|iPhone.ActiveCfg = Release|Any CPU
		{4674883D-4CCC-467A-A321-AD6C7AAD85FD}.Release|iPhone.Build.0 = Release|Any CPU
		{4674883D-4CCC-467A-A321-AD6C7AAD85FD}.Release|iPhoneSimulator.ActiveCfg = Release|Any CPU
		{4674883D-4CCC-467A-A321-AD6C7AAD85FD}.Release|iPhoneSimulator.Build.0 = Release|Any CPU
		{4674883D-4CCC-467A-A321-AD6C7AAD85FD}.Release|Mixed Platforms.ActiveCfg = Release|Any CPU
		{4674883D-4CCC-467A-A321-AD6C7AAD85FD}.Release|Mixed Platforms.Build.0 = Release|Any CPU
		{4674883D-4CCC-467A-A321-AD6C7AAD85FD}.Release|x64.ActiveCfg = Release|Any CPU
		{4674883D-4CCC-467A-A321-AD6C7AAD85FD}.Release|x64.Build.0 = Release|Any CPU
		{4674883D-4CCC-467A-A321-AD6C7AAD85FD}.Release|x86.ActiveCfg = Release|Any CPU
		{4674883D-4CCC-467A-A321-AD6C7AAD85FD}.Release|x86.Build.0 = Release|Any CPU
		{6BE27B2E-552F-43B2-82D5-058D7F180CEC}.Ad-Hoc|Any CPU.ActiveCfg = Release|Any CPU
		{6BE27B2E-552F-43B2-82D5-058D7F180CEC}.Ad-Hoc|Any CPU.Build.0 = Release|Any CPU
		{6BE27B2E-552F-43B2-82D5-058D7F180CEC}.Ad-Hoc|Any CPU.Deploy.0 = Release|Any CPU
		{6BE27B2E-552F-43B2-82D5-058D7F180CEC}.Ad-Hoc|ARM.ActiveCfg = Release|Any CPU
		{6BE27B2E-552F-43B2-82D5-058D7F180CEC}.Ad-Hoc|ARM.Build.0 = Release|Any CPU
		{6BE27B2E-552F-43B2-82D5-058D7F180CEC}.Ad-Hoc|ARM.Deploy.0 = Release|Any CPU
		{6BE27B2E-552F-43B2-82D5-058D7F180CEC}.Ad-Hoc|iPhone.ActiveCfg = Release|Any CPU
		{6BE27B2E-552F-43B2-82D5-058D7F180CEC}.Ad-Hoc|iPhone.Build.0 = Release|Any CPU
		{6BE27B2E-552F-43B2-82D5-058D7F180CEC}.Ad-Hoc|iPhone.Deploy.0 = Release|Any CPU
		{6BE27B2E-552F-43B2-82D5-058D7F180CEC}.Ad-Hoc|iPhoneSimulator.ActiveCfg = Release|Any CPU
		{6BE27B2E-552F-43B2-82D5-058D7F180CEC}.Ad-Hoc|iPhoneSimulator.Build.0 = Release|Any CPU
		{6BE27B2E-552F-43B2-82D5-058D7F180CEC}.Ad-Hoc|iPhoneSimulator.Deploy.0 = Release|Any CPU
		{6BE27B2E-552F-43B2-82D5-058D7F180CEC}.Ad-Hoc|Mixed Platforms.ActiveCfg = Release|Any CPU
		{6BE27B2E-552F-43B2-82D5-058D7F180CEC}.Ad-Hoc|Mixed Platforms.Build.0 = Release|Any CPU
		{6BE27B2E-552F-43B2-82D5-058D7F180CEC}.Ad-Hoc|Mixed Platforms.Deploy.0 = Release|Any CPU
		{6BE27B2E-552F-43B2-82D5-058D7F180CEC}.Ad-Hoc|x64.ActiveCfg = Release|Any CPU
		{6BE27B2E-552F-43B2-82D5-058D7F180CEC}.Ad-Hoc|x64.Build.0 = Release|Any CPU
		{6BE27B2E-552F-43B2-82D5-058D7F180CEC}.Ad-Hoc|x64.Deploy.0 = Release|Any CPU
		{6BE27B2E-552F-43B2-82D5-058D7F180CEC}.Ad-Hoc|x86.ActiveCfg = Release|Any CPU
		{6BE27B2E-552F-43B2-82D5-058D7F180CEC}.Ad-Hoc|x86.Build.0 = Release|Any CPU
		{6BE27B2E-552F-43B2-82D5-058D7F180CEC}.Ad-Hoc|x86.Deploy.0 = Release|Any CPU
		{6BE27B2E-552F-43B2-82D5-058D7F180CEC}.AppStore|Any CPU.ActiveCfg = Release|Any CPU
		{6BE27B2E-552F-43B2-82D5-058D7F180CEC}.AppStore|Any CPU.Build.0 = Release|Any CPU
		{6BE27B2E-552F-43B2-82D5-058D7F180CEC}.AppStore|Any CPU.Deploy.0 = Release|Any CPU
		{6BE27B2E-552F-43B2-82D5-058D7F180CEC}.AppStore|ARM.ActiveCfg = Release|Any CPU
		{6BE27B2E-552F-43B2-82D5-058D7F180CEC}.AppStore|ARM.Build.0 = Release|Any CPU
		{6BE27B2E-552F-43B2-82D5-058D7F180CEC}.AppStore|ARM.Deploy.0 = Release|Any CPU
		{6BE27B2E-552F-43B2-82D5-058D7F180CEC}.AppStore|iPhone.ActiveCfg = Release|Any CPU
		{6BE27B2E-552F-43B2-82D5-058D7F180CEC}.AppStore|iPhone.Build.0 = Release|Any CPU
		{6BE27B2E-552F-43B2-82D5-058D7F180CEC}.AppStore|iPhone.Deploy.0 = Release|Any CPU
		{6BE27B2E-552F-43B2-82D5-058D7F180CEC}.AppStore|iPhoneSimulator.ActiveCfg = Release|Any CPU
		{6BE27B2E-552F-43B2-82D5-058D7F180CEC}.AppStore|iPhoneSimulator.Build.0 = Release|Any CPU
		{6BE27B2E-552F-43B2-82D5-058D7F180CEC}.AppStore|iPhoneSimulator.Deploy.0 = Release|Any CPU
		{6BE27B2E-552F-43B2-82D5-058D7F180CEC}.AppStore|Mixed Platforms.ActiveCfg = Release|Any CPU
		{6BE27B2E-552F-43B2-82D5-058D7F180CEC}.AppStore|Mixed Platforms.Build.0 = Release|Any CPU
		{6BE27B2E-552F-43B2-82D5-058D7F180CEC}.AppStore|Mixed Platforms.Deploy.0 = Release|Any CPU
		{6BE27B2E-552F-43B2-82D5-058D7F180CEC}.AppStore|x64.ActiveCfg = Release|Any CPU
		{6BE27B2E-552F-43B2-82D5-058D7F180CEC}.AppStore|x64.Build.0 = Release|Any CPU
		{6BE27B2E-552F-43B2-82D5-058D7F180CEC}.AppStore|x64.Deploy.0 = Release|Any CPU
		{6BE27B2E-552F-43B2-82D5-058D7F180CEC}.AppStore|x86.ActiveCfg = Release|Any CPU
		{6BE27B2E-552F-43B2-82D5-058D7F180CEC}.AppStore|x86.Build.0 = Release|Any CPU
		{6BE27B2E-552F-43B2-82D5-058D7F180CEC}.AppStore|x86.Deploy.0 = Release|Any CPU
		{6BE27B2E-552F-43B2-82D5-058D7F180CEC}.Debug|Any CPU.ActiveCfg = Debug|Any CPU
		{6BE27B2E-552F-43B2-82D5-058D7F180CEC}.Debug|Any CPU.Build.0 = Debug|Any CPU
		{6BE27B2E-552F-43B2-82D5-058D7F180CEC}.Debug|Any CPU.Deploy.0 = Debug|Any CPU
		{6BE27B2E-552F-43B2-82D5-058D7F180CEC}.Debug|ARM.ActiveCfg = Debug|Any CPU
		{6BE27B2E-552F-43B2-82D5-058D7F180CEC}.Debug|ARM.Build.0 = Debug|Any CPU
		{6BE27B2E-552F-43B2-82D5-058D7F180CEC}.Debug|ARM.Deploy.0 = Debug|Any CPU
		{6BE27B2E-552F-43B2-82D5-058D7F180CEC}.Debug|iPhone.ActiveCfg = Debug|Any CPU
		{6BE27B2E-552F-43B2-82D5-058D7F180CEC}.Debug|iPhone.Build.0 = Debug|Any CPU
		{6BE27B2E-552F-43B2-82D5-058D7F180CEC}.Debug|iPhone.Deploy.0 = Debug|Any CPU
		{6BE27B2E-552F-43B2-82D5-058D7F180CEC}.Debug|iPhoneSimulator.ActiveCfg = Debug|Any CPU
		{6BE27B2E-552F-43B2-82D5-058D7F180CEC}.Debug|iPhoneSimulator.Build.0 = Debug|Any CPU
		{6BE27B2E-552F-43B2-82D5-058D7F180CEC}.Debug|iPhoneSimulator.Deploy.0 = Debug|Any CPU
		{6BE27B2E-552F-43B2-82D5-058D7F180CEC}.Debug|Mixed Platforms.ActiveCfg = Debug|Any CPU
		{6BE27B2E-552F-43B2-82D5-058D7F180CEC}.Debug|Mixed Platforms.Build.0 = Debug|Any CPU
		{6BE27B2E-552F-43B2-82D5-058D7F180CEC}.Debug|Mixed Platforms.Deploy.0 = Debug|Any CPU
		{6BE27B2E-552F-43B2-82D5-058D7F180CEC}.Debug|x64.ActiveCfg = Debug|Any CPU
		{6BE27B2E-552F-43B2-82D5-058D7F180CEC}.Debug|x64.Build.0 = Debug|Any CPU
		{6BE27B2E-552F-43B2-82D5-058D7F180CEC}.Debug|x64.Deploy.0 = Debug|Any CPU
		{6BE27B2E-552F-43B2-82D5-058D7F180CEC}.Debug|x86.ActiveCfg = Debug|Any CPU
		{6BE27B2E-552F-43B2-82D5-058D7F180CEC}.Debug|x86.Build.0 = Debug|Any CPU
		{6BE27B2E-552F-43B2-82D5-058D7F180CEC}.Debug|x86.Deploy.0 = Debug|Any CPU
		{6BE27B2E-552F-43B2-82D5-058D7F180CEC}.Release|Any CPU.ActiveCfg = Release|Any CPU
		{6BE27B2E-552F-43B2-82D5-058D7F180CEC}.Release|Any CPU.Build.0 = Release|Any CPU
		{6BE27B2E-552F-43B2-82D5-058D7F180CEC}.Release|Any CPU.Deploy.0 = Release|Any CPU
		{6BE27B2E-552F-43B2-82D5-058D7F180CEC}.Release|ARM.ActiveCfg = Release|Any CPU
		{6BE27B2E-552F-43B2-82D5-058D7F180CEC}.Release|ARM.Build.0 = Release|Any CPU
		{6BE27B2E-552F-43B2-82D5-058D7F180CEC}.Release|ARM.Deploy.0 = Release|Any CPU
		{6BE27B2E-552F-43B2-82D5-058D7F180CEC}.Release|iPhone.ActiveCfg = Release|Any CPU
		{6BE27B2E-552F-43B2-82D5-058D7F180CEC}.Release|iPhone.Build.0 = Release|Any CPU
		{6BE27B2E-552F-43B2-82D5-058D7F180CEC}.Release|iPhone.Deploy.0 = Release|Any CPU
		{6BE27B2E-552F-43B2-82D5-058D7F180CEC}.Release|iPhoneSimulator.ActiveCfg = Release|Any CPU
		{6BE27B2E-552F-43B2-82D5-058D7F180CEC}.Release|iPhoneSimulator.Build.0 = Release|Any CPU
		{6BE27B2E-552F-43B2-82D5-058D7F180CEC}.Release|iPhoneSimulator.Deploy.0 = Release|Any CPU
		{6BE27B2E-552F-43B2-82D5-058D7F180CEC}.Release|Mixed Platforms.ActiveCfg = Release|Any CPU
		{6BE27B2E-552F-43B2-82D5-058D7F180CEC}.Release|Mixed Platforms.Build.0 = Release|Any CPU
		{6BE27B2E-552F-43B2-82D5-058D7F180CEC}.Release|Mixed Platforms.Deploy.0 = Release|Any CPU
		{6BE27B2E-552F-43B2-82D5-058D7F180CEC}.Release|x64.ActiveCfg = Release|Any CPU
		{6BE27B2E-552F-43B2-82D5-058D7F180CEC}.Release|x64.Build.0 = Release|Any CPU
		{6BE27B2E-552F-43B2-82D5-058D7F180CEC}.Release|x64.Deploy.0 = Release|Any CPU
		{6BE27B2E-552F-43B2-82D5-058D7F180CEC}.Release|x86.ActiveCfg = Release|Any CPU
		{6BE27B2E-552F-43B2-82D5-058D7F180CEC}.Release|x86.Build.0 = Release|Any CPU
		{6BE27B2E-552F-43B2-82D5-058D7F180CEC}.Release|x86.Deploy.0 = Release|Any CPU
		{E5B4A6E4-CAAA-4E33-BC65-4D8214905BB3}.Ad-Hoc|Any CPU.ActiveCfg = Ad-Hoc|iPhone
		{E5B4A6E4-CAAA-4E33-BC65-4D8214905BB3}.Ad-Hoc|ARM.ActiveCfg = Ad-Hoc|iPhone
		{E5B4A6E4-CAAA-4E33-BC65-4D8214905BB3}.Ad-Hoc|iPhone.ActiveCfg = Ad-Hoc|iPhone
		{E5B4A6E4-CAAA-4E33-BC65-4D8214905BB3}.Ad-Hoc|iPhone.Build.0 = Ad-Hoc|iPhone
		{E5B4A6E4-CAAA-4E33-BC65-4D8214905BB3}.Ad-Hoc|iPhoneSimulator.ActiveCfg = Ad-Hoc|iPhoneSimulator
		{E5B4A6E4-CAAA-4E33-BC65-4D8214905BB3}.Ad-Hoc|iPhoneSimulator.Build.0 = Ad-Hoc|iPhoneSimulator
		{E5B4A6E4-CAAA-4E33-BC65-4D8214905BB3}.Ad-Hoc|Mixed Platforms.ActiveCfg = Ad-Hoc|iPhone
		{E5B4A6E4-CAAA-4E33-BC65-4D8214905BB3}.Ad-Hoc|Mixed Platforms.Build.0 = Ad-Hoc|iPhone
		{E5B4A6E4-CAAA-4E33-BC65-4D8214905BB3}.Ad-Hoc|x64.ActiveCfg = Ad-Hoc|iPhone
		{E5B4A6E4-CAAA-4E33-BC65-4D8214905BB3}.Ad-Hoc|x86.ActiveCfg = Ad-Hoc|iPhone
		{E5B4A6E4-CAAA-4E33-BC65-4D8214905BB3}.AppStore|Any CPU.ActiveCfg = AppStore|iPhone
		{E5B4A6E4-CAAA-4E33-BC65-4D8214905BB3}.AppStore|ARM.ActiveCfg = AppStore|iPhone
		{E5B4A6E4-CAAA-4E33-BC65-4D8214905BB3}.AppStore|iPhone.ActiveCfg = AppStore|iPhone
		{E5B4A6E4-CAAA-4E33-BC65-4D8214905BB3}.AppStore|iPhone.Build.0 = AppStore|iPhone
		{E5B4A6E4-CAAA-4E33-BC65-4D8214905BB3}.AppStore|iPhoneSimulator.ActiveCfg = AppStore|iPhoneSimulator
		{E5B4A6E4-CAAA-4E33-BC65-4D8214905BB3}.AppStore|iPhoneSimulator.Build.0 = AppStore|iPhoneSimulator
		{E5B4A6E4-CAAA-4E33-BC65-4D8214905BB3}.AppStore|Mixed Platforms.ActiveCfg = AppStore|iPhone
		{E5B4A6E4-CAAA-4E33-BC65-4D8214905BB3}.AppStore|Mixed Platforms.Build.0 = AppStore|iPhone
		{E5B4A6E4-CAAA-4E33-BC65-4D8214905BB3}.AppStore|x64.ActiveCfg = AppStore|iPhone
		{E5B4A6E4-CAAA-4E33-BC65-4D8214905BB3}.AppStore|x86.ActiveCfg = AppStore|iPhone
		{E5B4A6E4-CAAA-4E33-BC65-4D8214905BB3}.Debug|Any CPU.ActiveCfg = Debug|iPhone
		{E5B4A6E4-CAAA-4E33-BC65-4D8214905BB3}.Debug|ARM.ActiveCfg = Debug|iPhone
		{E5B4A6E4-CAAA-4E33-BC65-4D8214905BB3}.Debug|iPhone.ActiveCfg = Debug|iPhone
		{E5B4A6E4-CAAA-4E33-BC65-4D8214905BB3}.Debug|iPhone.Build.0 = Debug|iPhone
		{E5B4A6E4-CAAA-4E33-BC65-4D8214905BB3}.Debug|iPhoneSimulator.ActiveCfg = Debug|iPhoneSimulator
		{E5B4A6E4-CAAA-4E33-BC65-4D8214905BB3}.Debug|iPhoneSimulator.Build.0 = Debug|iPhoneSimulator
		{E5B4A6E4-CAAA-4E33-BC65-4D8214905BB3}.Debug|Mixed Platforms.ActiveCfg = Debug|iPhone
		{E5B4A6E4-CAAA-4E33-BC65-4D8214905BB3}.Debug|Mixed Platforms.Build.0 = Debug|iPhone
		{E5B4A6E4-CAAA-4E33-BC65-4D8214905BB3}.Debug|x64.ActiveCfg = Debug|iPhone
		{E5B4A6E4-CAAA-4E33-BC65-4D8214905BB3}.Debug|x86.ActiveCfg = Debug|iPhone
		{E5B4A6E4-CAAA-4E33-BC65-4D8214905BB3}.Release|Any CPU.ActiveCfg = Release|iPhone
		{E5B4A6E4-CAAA-4E33-BC65-4D8214905BB3}.Release|ARM.ActiveCfg = Release|iPhone
		{E5B4A6E4-CAAA-4E33-BC65-4D8214905BB3}.Release|iPhone.ActiveCfg = Release|iPhone
		{E5B4A6E4-CAAA-4E33-BC65-4D8214905BB3}.Release|iPhone.Build.0 = Release|iPhone
		{E5B4A6E4-CAAA-4E33-BC65-4D8214905BB3}.Release|iPhoneSimulator.ActiveCfg = Release|iPhoneSimulator
		{E5B4A6E4-CAAA-4E33-BC65-4D8214905BB3}.Release|iPhoneSimulator.Build.0 = Release|iPhoneSimulator
		{E5B4A6E4-CAAA-4E33-BC65-4D8214905BB3}.Release|Mixed Platforms.ActiveCfg = Release|iPhone
		{E5B4A6E4-CAAA-4E33-BC65-4D8214905BB3}.Release|Mixed Platforms.Build.0 = Release|iPhone
		{E5B4A6E4-CAAA-4E33-BC65-4D8214905BB3}.Release|x64.ActiveCfg = Release|iPhone
		{E5B4A6E4-CAAA-4E33-BC65-4D8214905BB3}.Release|x86.ActiveCfg = Release|iPhone
	EndGlobalSection
	GlobalSection(SolutionProperties) = preSolution
		HideSolutionNode = FALSE
	EndGlobalSection
	GlobalSection(NestedProjects) = preSolution
		{F19765E1-D819-4BDF-A662-1A489A4CAEF2} = {C3DB8634-C873-4FE2-BE60-9C0AF516814F}
		{8331781B-0943-4602-B9C5-08D3D1DCCBE3} = {4665FCD9-644B-40FB-A16F-FC04F7F99FF8}
		{4674883D-4CCC-467A-A321-AD6C7AAD85FD} = {4665FCD9-644B-40FB-A16F-FC04F7F99FF8}
	EndGlobalSection
	GlobalSection(ExtensibilityGlobals) = postSolution
		SolutionGuid = {7D19122F-FE28-43BD-8A97-56D2579F98EB}
	EndGlobalSection
EndGlobal
