
Microsoft Visual Studio Solution File, Format Version 12.00
# Visual Studio 15
VisualStudioVersion = 15.0.26730.12
MinimumVisualStudioVersion = 10.0.40219.1
Project("{FAE04EC0-301F-11D3-BF4B-00C04F79EFBC}") = "VSIX", "VSIX\VSIX.csproj", "{26D661B8-589C-4A99-B0A3-1E714F766244}"
EndProject
Global
	GlobalSection(SolutionConfigurationPlatforms) = preSolution
		Debug|Any CPU = Debug|Any CPU
		Release|Any CPU = Release|Any CPU
	EndGlobalSection
	GlobalSection(ProjectConfigurationPlatforms) = postSolution
		{26D661B8-589C-4A99-B0A3-1E714F766244}.Debug|Any CPU.ActiveCfg = Debug|Any CPU
		{26D661B8-589C-4A99-B0A3-1E714F766244}.Debug|Any CPU.Build.0 = Debug|Any CPU
		{26D661B8-589C-4A99-B0A3-1E714F766244}.Release|Any CPU.ActiveCfg = Release|Any CPU
		{26D661B8-589C-4A99-B0A3-1E714F766244}.Release|Any CPU.Build.0 = Release|Any CPU
	EndGlobalSection
	GlobalSection(SolutionProperties) = preSolution
		HideSolutionNode = FALSE
	EndGlobalSection
	GlobalSection(ExtensibilityGlobals) = postSolution
		SolutionGuid = {DCFA4736-9443-4632-A5C5-7E2072D23979}
	EndGlobalSection
EndGlobal
